// !$*UTF8*$!
{
	archiveVersion = 1;
	classes = {
	};
	objectVersion = 46;
	objects = {

/* Begin PBXBuildFile section */
		100E13AA0F5E803D001E1347 /* MainMenu.xib in Resources */ = {isa = PBXBuildFile; fileRef = 100E13A80F5E803D001E1347 /* MainMenu.xib */; };
		101A926E0DAD3CFD0073BA85 /* NSTextView+ExscapeFontFix.m in Sources */ = {isa = PBXBuildFile; fileRef = 101A926D0DAD3CFD0073BA85 /* NSTextView+ExscapeFontFix.m */; };
		101BC6EA133293A20055D720 /* RegexKitLite.m in Sources */ = {isa = PBXBuildFile; fileRef = 101BC6E9133293A20055D720 /* RegexKitLite.m */; };
		101CEE801342176900C9A426 /* ImageAndTextCell.m in Sources */ = {isa = PBXBuildFile; fileRef = 101CEE7D1342176900C9A426 /* ImageAndTextCell.m */; };
		101CEE811342176900C9A426 /* PlaylistObject.m in Sources */ = {isa = PBXBuildFile; fileRef = 101CEE7F1342176900C9A426 /* PlaylistObject.m */; };
		101CEE83134221F700C9A426 /* iTunes-DJ.png in Resources */ = {isa = PBXBuildFile; fileRef = 101CEE82134221F700C9A426 /* iTunes-DJ.png */; };
		101CEE85134222AF00C9A426 /* iTunes-library.png in Resources */ = {isa = PBXBuildFile; fileRef = 101CEE84134222AF00C9A426 /* iTunes-library.png */; };
		101CEE901342634500C9A426 /* TrackObject.m in Sources */ = {isa = PBXBuildFile; fileRef = 101CEE8F1342634500C9A426 /* TrackObject.m */; };
		1027289F0DB2A81900E644E1 /* iTunesHelper.m in Sources */ = {isa = PBXBuildFile; fileRef = 1027289E0DB2A81900E644E1 /* iTunesHelper.m */; };
		102E8EF61343AFDB001EE08F /* icon_found.png in Resources */ = {isa = PBXBuildFile; fileRef = 102E8EF31343AFDB001EE08F /* icon_found.png */; };
		102E8EF71343AFDB001EE08F /* icon_notfound.png in Resources */ = {isa = PBXBuildFile; fileRef = 102E8EF41343AFDB001EE08F /* icon_notfound.png */; };
		102E8EF81343AFDB001EE08F /* icon_working.png in Resources */ = {isa = PBXBuildFile; fileRef = 102E8EF51343AFDB001EE08F /* icon_working.png */; };
		1041B7C71333B49F003F4429 /* LyricSearch.xib in Resources */ = {isa = PBXBuildFile; fileRef = 1041B7C61333B49F003F4429 /* LyricSearch.xib */; };
		1041B7CA1333B4CA003F4429 /* LyricSearchController.m in Sources */ = {isa = PBXBuildFile; fileRef = 1041B7C91333B4CA003F4429 /* LyricSearchController.m */; };
		105A37940DA6AFA0007DEFF5 /* SitePriorities.m in Sources */ = {isa = PBXBuildFile; fileRef = 105A37930DA6AFA0007DEFF5 /* SitePriorities.m */; };
		105ED1D9133E326D00A1D988 /* TBLyricSite.m in Sources */ = {isa = PBXBuildFile; fileRef = 105ED1D8133E326D00A1D988 /* TBLyricSite.m */; };
		107CD7350DAE4833003E0D32 /* icon.icns in Resources */ = {isa = PBXBuildFile; fileRef = 107CD7340DAE4833003E0D32 /* icon.icns */; };
		107D5DCF1340812B00195ABF /* NPReceiptVerification.m in Sources */ = {isa = PBXBuildFile; fileRef = 107D5DCE1340812B00195ABF /* NPReceiptVerification.m */; };
		107D5DD11340819E00195ABF /* libcrypto.dylib in Frameworks */ = {isa = PBXBuildFile; fileRef = 107D5DD01340819E00195ABF /* libcrypto.dylib */; };
		107D5DD3134081A500195ABF /* IOKit.framework in Frameworks */ = {isa = PBXBuildFile; fileRef = 107D5DD2134081A500195ABF /* IOKit.framework */; };
		107D5DD5134081AD00195ABF /* Security.framework in Frameworks */ = {isa = PBXBuildFile; fileRef = 107D5DD4134081AD00195ABF /* Security.framework */; };
		1093C0481340D4AE00F5BC98 /* iTunes-folder.png in Resources */ = {isa = PBXBuildFile; fileRef = 1093C0451340D4AE00F5BC98 /* iTunes-folder.png */; };
		1093C0491340D4AE00F5BC98 /* iTunes-playlist.png in Resources */ = {isa = PBXBuildFile; fileRef = 1093C0461340D4AE00F5BC98 /* iTunes-playlist.png */; };
		1093C04A1340D4AE00F5BC98 /* iTunes-smart.png in Resources */ = {isa = PBXBuildFile; fileRef = 1093C0471340D4AE00F5BC98 /* iTunes-smart.png */; };
		109531FA0DA12D9A001706FF /* TBDarklyrics.m in Sources */ = {isa = PBXBuildFile; fileRef = 109531F90DA12D9A001706FF /* TBDarklyrics.m */; };
		109532100DA12EEB001706FF /* TBUtil.m in Sources */ = {isa = PBXBuildFile; fileRef = 1095320F0DA12EEB001706FF /* TBUtil.m */; };
		1095326A0DA1325E001706FF /* TBSongmeanings.m in Sources */ = {isa = PBXBuildFile; fileRef = 109532690DA1325E001706FF /* TBSongmeanings.m */; };
		109B44C813360BF100CD4A43 /* TBAZLyrics.m in Sources */ = {isa = PBXBuildFile; fileRef = 109B44C713360BF000CD4A43 /* TBAZLyrics.m */; };
		10AEFB170D9FEDCA0088ECDC /* MainController.m in Sources */ = {isa = PBXBuildFile; fileRef = 10AEFB160D9FEDCA0088ECDC /* MainController.m */; };
		10AEFC4B0DA008A90088ECDC /* ScriptingBridge.framework in Frameworks */ = {isa = PBXBuildFile; fileRef = 10AEFC4A0DA008A90088ECDC /* ScriptingBridge.framework */; };
		10CA22391344F38000E652B6 /* WelcomeScreen.m in Sources */ = {isa = PBXBuildFile; fileRef = 10CA22381344F38000E652B6 /* WelcomeScreen.m */; };
		10CA223B1344FC6F00E652B6 /* WelcomeScreen.xib in Resources */ = {isa = PBXBuildFile; fileRef = 10CA223A1344FC6F00E652B6 /* WelcomeScreen.xib */; };
		10CB744D133F68CA00D9FB98 /* help in Resources */ = {isa = PBXBuildFile; fileRef = 10CB744C133F68CA00D9FB98 /* help */; };
		10D5093413337A70006C0FC7 /* libicucore.dylib in Frameworks */ = {isa = PBXBuildFile; fileRef = 10D5093313337A70006C0FC7 /* libicucore.dylib */; };
		10DB27F20DACB28500BF57D3 /* Bulk.m in Sources */ = {isa = PBXBuildFile; fileRef = 10DB27F10DACB28500BF57D3 /* Bulk.m */; };
		10DB281A0DACB3AB00BF57D3 /* Bulk.xib in Resources */ = {isa = PBXBuildFile; fileRef = 10DB28190DACB3AB00BF57D3 /* Bulk.xib */; };
		10E2071B0DABE7CB00F85A9F /* LyricFetcher.m in Sources */ = {isa = PBXBuildFile; fileRef = 10E2071A0DABE7CB00F85A9F /* LyricFetcher.m */; };
		10E207700DABED8400F85A9F /* NSTextView+AppendString.m in Sources */ = {isa = PBXBuildFile; fileRef = 10E2076F0DABED8400F85A9F /* NSTextView+AppendString.m */; };
		10E495A80DA545B50000E68B /* NSString+ExscapeEdits.m in Sources */ = {isa = PBXBuildFile; fileRef = 10E495A70DA545B50000E68B /* NSString+ExscapeEdits.m */; };
		10F56A450DB0C27C00559654 /* NSProgressIndicator+ThreadSafeUpdating.m in Sources */ = {isa = PBXBuildFile; fileRef = 10F56A440DB0C27C00559654 /* NSProgressIndicator+ThreadSafeUpdating.m */; };
		8D11072B0486CEB800E47090 /* InfoPlist.strings in Resources */ = {isa = PBXBuildFile; fileRef = 089C165CFE840E0CC02AAC07 /* InfoPlist.strings */; };
		8D11072D0486CEB800E47090 /* main.m in Sources */ = {isa = PBXBuildFile; fileRef = 29B97316FDCFA39411CA2CEA /* main.m */; settings = {ATTRIBUTES = (); }; };
		8D11072F0486CEB800E47090 /* Cocoa.framework in Frameworks */ = {isa = PBXBuildFile; fileRef = 1058C7A1FEA54F0111CA2CBB /* Cocoa.framework */; };
/* End PBXBuildFile section */

/* Begin PBXCopyFilesBuildPhase section */
		10E4763C0DA1757D00F41852 /* CopyFiles */ = {
			isa = PBXCopyFilesBuildPhase;
			buildActionMask = 2147483647;
			dstPath = "";
			dstSubfolderSpec = 10;
			files = (
			);
			runOnlyForDeploymentPostprocessing = 0;
		};
		10E664FF0DAC0AC90059BF5F /* CopyFiles */ = {
			isa = PBXCopyFilesBuildPhase;
			buildActionMask = 2147483647;
			dstPath = "";
			dstSubfolderSpec = 10;
			files = (
			);
			runOnlyForDeploymentPostprocessing = 0;
		};
/* End PBXCopyFilesBuildPhase section */

/* Begin PBXFileReference section */
		089C165DFE840E0CC02AAC07 /* English */ = {isa = PBXFileReference; fileEncoding = 10; lastKnownFileType = text.plist.strings; name = English; path = English.lproj/InfoPlist.strings; sourceTree = "<group>"; };
		100E13A90F5E803D001E1347 /* English */ = {isa = PBXFileReference; lastKnownFileType = file.xib; name = English; path = English.lproj/MainMenu.xib; sourceTree = "<group>"; };
		101A926C0DAD3CFD0073BA85 /* NSTextView+ExscapeFontFix.h */ = {isa = PBXFileReference; fileEncoding = 4; lastKnownFileType = sourcecode.c.h; path = "NSTextView+ExscapeFontFix.h"; sourceTree = "<group>"; };
		101A926D0DAD3CFD0073BA85 /* NSTextView+ExscapeFontFix.m */ = {isa = PBXFileReference; fileEncoding = 4; lastKnownFileType = sourcecode.c.objc; path = "NSTextView+ExscapeFontFix.m"; sourceTree = "<group>"; };
		101BC6E8133293A20055D720 /* RegexKitLite.h */ = {isa = PBXFileReference; fileEncoding = 4; lastKnownFileType = sourcecode.c.h; path = RegexKitLite.h; sourceTree = "<group>"; };
		101BC6E9133293A20055D720 /* RegexKitLite.m */ = {isa = PBXFileReference; fileEncoding = 4; lastKnownFileType = sourcecode.c.objc; path = RegexKitLite.m; sourceTree = "<group>"; };
		101CEE7C1342176900C9A426 /* ImageAndTextCell.h */ = {isa = PBXFileReference; fileEncoding = 4; lastKnownFileType = sourcecode.c.h; path = ImageAndTextCell.h; sourceTree = "<group>"; };
		101CEE7D1342176900C9A426 /* ImageAndTextCell.m */ = {isa = PBXFileReference; fileEncoding = 4; lastKnownFileType = sourcecode.c.objc; path = ImageAndTextCell.m; sourceTree = "<group>"; };
		101CEE7E1342176900C9A426 /* PlaylistObject.h */ = {isa = PBXFileReference; fileEncoding = 4; lastKnownFileType = sourcecode.c.h; path = PlaylistObject.h; sourceTree = "<group>"; };
		101CEE7F1342176900C9A426 /* PlaylistObject.m */ = {isa = PBXFileReference; fileEncoding = 4; lastKnownFileType = sourcecode.c.objc; path = PlaylistObject.m; sourceTree = "<group>"; };
		101CEE82134221F700C9A426 /* iTunes-DJ.png */ = {isa = PBXFileReference; lastKnownFileType = image.png; path = "iTunes-DJ.png"; sourceTree = "<group>"; };
		101CEE84134222AF00C9A426 /* iTunes-library.png */ = {isa = PBXFileReference; lastKnownFileType = image.png; path = "iTunes-library.png"; sourceTree = "<group>"; };
		101CEE8E1342634500C9A426 /* TrackObject.h */ = {isa = PBXFileReference; fileEncoding = 4; lastKnownFileType = sourcecode.c.h; path = TrackObject.h; sourceTree = "<group>"; };
		101CEE8F1342634500C9A426 /* TrackObject.m */ = {isa = PBXFileReference; fileEncoding = 4; lastKnownFileType = sourcecode.c.objc; path = TrackObject.m; sourceTree = "<group>"; };
		1027289D0DB2A81900E644E1 /* iTunesHelper.h */ = {isa = PBXFileReference; fileEncoding = 4; lastKnownFileType = sourcecode.c.h; path = iTunesHelper.h; sourceTree = "<group>"; };
		1027289E0DB2A81900E644E1 /* iTunesHelper.m */ = {isa = PBXFileReference; fileEncoding = 4; lastKnownFileType = sourcecode.c.objc; path = iTunesHelper.m; sourceTree = "<group>"; };
		102E8EF31343AFDB001EE08F /* icon_found.png */ = {isa = PBXFileReference; lastKnownFileType = image.png; path = icon_found.png; sourceTree = "<group>"; };
		102E8EF41343AFDB001EE08F /* icon_notfound.png */ = {isa = PBXFileReference; lastKnownFileType = image.png; path = icon_notfound.png; sourceTree = "<group>"; };
		102E8EF51343AFDB001EE08F /* icon_working.png */ = {isa = PBXFileReference; lastKnownFileType = image.png; path = icon_working.png; sourceTree = "<group>"; };
		1041B7C61333B49F003F4429 /* LyricSearch.xib */ = {isa = PBXFileReference; fileEncoding = 4; lastKnownFileType = file.xib; path = LyricSearch.xib; sourceTree = "<group>"; };
		1041B7C81333B4CA003F4429 /* LyricSearchController.h */ = {isa = PBXFileReference; fileEncoding = 4; lastKnownFileType = sourcecode.c.h; path = LyricSearchController.h; sourceTree = "<group>"; };
		1041B7C91333B4CA003F4429 /* LyricSearchController.m */ = {isa = PBXFileReference; fileEncoding = 4; lastKnownFileType = sourcecode.c.objc; path = LyricSearchController.m; sourceTree = "<group>"; };
		1058C7A1FEA54F0111CA2CBB /* Cocoa.framework */ = {isa = PBXFileReference; lastKnownFileType = wrapper.framework; name = Cocoa.framework; path = /System/Library/Frameworks/Cocoa.framework; sourceTree = "<absolute>"; };
		105A37920DA6AFA0007DEFF5 /* SitePriorities.h */ = {isa = PBXFileReference; fileEncoding = 4; lastKnownFileType = sourcecode.c.h; path = SitePriorities.h; sourceTree = "<group>"; };
		105A37930DA6AFA0007DEFF5 /* SitePriorities.m */ = {isa = PBXFileReference; fileEncoding = 4; lastKnownFileType = sourcecode.c.objc; path = SitePriorities.m; sourceTree = "<group>"; };
		105ED1D7133E326D00A1D988 /* TBLyricSite.h */ = {isa = PBXFileReference; fileEncoding = 4; lastKnownFileType = sourcecode.c.h; path = TBLyricSite.h; sourceTree = "<group>"; };
		105ED1D8133E326D00A1D988 /* TBLyricSite.m */ = {isa = PBXFileReference; fileEncoding = 4; lastKnownFileType = sourcecode.c.objc; path = TBLyricSite.m; sourceTree = "<group>"; };
		107CD7340DAE4833003E0D32 /* icon.icns */ = {isa = PBXFileReference; lastKnownFileType = image.icns; path = icon.icns; sourceTree = "<group>"; };
		107D5DCD1340812B00195ABF /* NPReceiptVerification.h */ = {isa = PBXFileReference; fileEncoding = 4; lastKnownFileType = sourcecode.c.h; path = NPReceiptVerification.h; sourceTree = "<group>"; };
		107D5DCE1340812B00195ABF /* NPReceiptVerification.m */ = {isa = PBXFileReference; fileEncoding = 4; lastKnownFileType = sourcecode.c.objc; path = NPReceiptVerification.m; sourceTree = "<group>"; };
		107D5DD01340819E00195ABF /* libcrypto.dylib */ = {isa = PBXFileReference; lastKnownFileType = "compiled.mach-o.dylib"; name = libcrypto.dylib; path = usr/lib/libcrypto.dylib; sourceTree = SDKROOT; };
		107D5DD2134081A500195ABF /* IOKit.framework */ = {isa = PBXFileReference; lastKnownFileType = wrapper.framework; name = IOKit.framework; path = System/Library/Frameworks/IOKit.framework; sourceTree = SDKROOT; };
		107D5DD4134081AD00195ABF /* Security.framework */ = {isa = PBXFileReference; lastKnownFileType = wrapper.framework; name = Security.framework; path = System/Library/Frameworks/Security.framework; sourceTree = SDKROOT; };
		1093C0451340D4AE00F5BC98 /* iTunes-folder.png */ = {isa = PBXFileReference; lastKnownFileType = image.png; path = "iTunes-folder.png"; sourceTree = "<group>"; };
		1093C0461340D4AE00F5BC98 /* iTunes-playlist.png */ = {isa = PBXFileReference; lastKnownFileType = image.png; path = "iTunes-playlist.png"; sourceTree = "<group>"; };
		1093C0471340D4AE00F5BC98 /* iTunes-smart.png */ = {isa = PBXFileReference; lastKnownFileType = image.png; path = "iTunes-smart.png"; sourceTree = "<group>"; };
		109531F80DA12D9A001706FF /* TBDarklyrics.h */ = {isa = PBXFileReference; fileEncoding = 4; lastKnownFileType = sourcecode.c.h; path = TBDarklyrics.h; sourceTree = "<group>"; };
		109531F90DA12D9A001706FF /* TBDarklyrics.m */ = {isa = PBXFileReference; fileEncoding = 4; lastKnownFileType = sourcecode.c.objc; path = TBDarklyrics.m; sourceTree = "<group>"; };
		1095320E0DA12EEB001706FF /* TBUtil.h */ = {isa = PBXFileReference; fileEncoding = 4; lastKnownFileType = sourcecode.c.h; path = TBUtil.h; sourceTree = "<group>"; };
		1095320F0DA12EEB001706FF /* TBUtil.m */ = {isa = PBXFileReference; fileEncoding = 4; lastKnownFileType = sourcecode.c.objc; path = TBUtil.m; sourceTree = "<group>"; };
		109532680DA1325E001706FF /* TBSongmeanings.h */ = {isa = PBXFileReference; fileEncoding = 4; lastKnownFileType = sourcecode.c.h; path = TBSongmeanings.h; sourceTree = "<group>"; };
		109532690DA1325E001706FF /* TBSongmeanings.m */ = {isa = PBXFileReference; fileEncoding = 4; lastKnownFileType = sourcecode.c.objc; path = TBSongmeanings.m; sourceTree = "<group>"; };
		109B44C613360BF000CD4A43 /* TBAZLyrics.h */ = {isa = PBXFileReference; fileEncoding = 4; lastKnownFileType = sourcecode.c.h; path = TBAZLyrics.h; sourceTree = "<group>"; };
		109B44C713360BF000CD4A43 /* TBAZLyrics.m */ = {isa = PBXFileReference; fileEncoding = 4; lastKnownFileType = sourcecode.c.objc; path = TBAZLyrics.m; sourceTree = "<group>"; };
		10AEFB150D9FEDCA0088ECDC /* MainController.h */ = {isa = PBXFileReference; fileEncoding = 4; lastKnownFileType = sourcecode.c.h; path = MainController.h; sourceTree = "<group>"; };
		10AEFB160D9FEDCA0088ECDC /* MainController.m */ = {isa = PBXFileReference; fileEncoding = 4; lastKnownFileType = sourcecode.c.objc; lineEnding = 0; path = MainController.m; sourceTree = "<group>"; xcLanguageSpecificationIdentifier = xcode.lang.objc; };
		10AEFC4A0DA008A90088ECDC /* ScriptingBridge.framework */ = {isa = PBXFileReference; lastKnownFileType = wrapper.framework; name = ScriptingBridge.framework; path = /System/Library/Frameworks/ScriptingBridge.framework; sourceTree = "<absolute>"; };
		10CA22371344F38000E652B6 /* WelcomeScreen.h */ = {isa = PBXFileReference; fileEncoding = 4; lastKnownFileType = sourcecode.c.h; path = WelcomeScreen.h; sourceTree = "<group>"; };
		10CA22381344F38000E652B6 /* WelcomeScreen.m */ = {isa = PBXFileReference; fileEncoding = 4; lastKnownFileType = sourcecode.c.objc; path = WelcomeScreen.m; sourceTree = "<group>"; };
		10CA223A1344FC6F00E652B6 /* WelcomeScreen.xib */ = {isa = PBXFileReference; fileEncoding = 4; lastKnownFileType = file.xib; path = WelcomeScreen.xib; sourceTree = "<group>"; };
		10CB744C133F68CA00D9FB98 /* help */ = {isa = PBXFileReference; lastKnownFileType = folder; path = help; sourceTree = "<group>"; };
		10D5093313337A70006C0FC7 /* libicucore.dylib */ = {isa = PBXFileReference; lastKnownFileType = "compiled.mach-o.dylib"; name = libicucore.dylib; path = SDKs/MacOSX10.6.sdk/usr/lib/libicucore.dylib; sourceTree = DEVELOPER_DIR; };
		10DB27F00DACB28500BF57D3 /* Bulk.h */ = {isa = PBXFileReference; fileEncoding = 4; lastKnownFileType = sourcecode.c.h; path = Bulk.h; sourceTree = "<group>"; };
		10DB27F10DACB28500BF57D3 /* Bulk.m */ = {isa = PBXFileReference; fileEncoding = 4; lastKnownFileType = sourcecode.c.objc; lineEnding = 0; path = Bulk.m; sourceTree = "<group>"; xcLanguageSpecificationIdentifier = xcode.lang.objc; };
		10DB28190DACB3AB00BF57D3 /* Bulk.xib */ = {isa = PBXFileReference; lastKnownFileType = file.xib; path = Bulk.xib; sourceTree = "<group>"; };
		10E205AB0DABCF1B00F85A9F /* iTunes.h */ = {isa = PBXFileReference; fileEncoding = 4; lastKnownFileType = sourcecode.c.h; path = iTunes.h; sourceTree = "<group>"; };
		10E207190DABE7CB00F85A9F /* LyricFetcher.h */ = {isa = PBXFileReference; fileEncoding = 4; lastKnownFileType = sourcecode.c.h; path = LyricFetcher.h; sourceTree = "<group>"; };
		10E2071A0DABE7CB00F85A9F /* LyricFetcher.m */ = {isa = PBXFileReference; fileEncoding = 4; lastKnownFileType = sourcecode.c.objc; path = LyricFetcher.m; sourceTree = "<group>"; };
		10E2076E0DABED8400F85A9F /* NSTextView+AppendString.h */ = {isa = PBXFileReference; fileEncoding = 4; lastKnownFileType = sourcecode.c.h; path = "NSTextView+AppendString.h"; sourceTree = "<group>"; };
		10E2076F0DABED8400F85A9F /* NSTextView+AppendString.m */ = {isa = PBXFileReference; fileEncoding = 4; lastKnownFileType = sourcecode.c.objc; path = "NSTextView+AppendString.m"; sourceTree = "<group>"; };
		10E495A60DA545B50000E68B /* NSString+ExscapeEdits.h */ = {isa = PBXFileReference; fileEncoding = 4; lastKnownFileType = sourcecode.c.h; path = "NSString+ExscapeEdits.h"; sourceTree = "<group>"; };
		10E495A70DA545B50000E68B /* NSString+ExscapeEdits.m */ = {isa = PBXFileReference; fileEncoding = 4; lastKnownFileType = sourcecode.c.objc; path = "NSString+ExscapeEdits.m"; sourceTree = "<group>"; };
		10F56A430DB0C27C00559654 /* NSProgressIndicator+ThreadSafeUpdating.h */ = {isa = PBXFileReference; fileEncoding = 4; lastKnownFileType = sourcecode.c.h; path = "NSProgressIndicator+ThreadSafeUpdating.h"; sourceTree = "<group>"; };
		10F56A440DB0C27C00559654 /* NSProgressIndicator+ThreadSafeUpdating.m */ = {isa = PBXFileReference; fileEncoding = 4; lastKnownFileType = sourcecode.c.objc; path = "NSProgressIndicator+ThreadSafeUpdating.m"; sourceTree = "<group>"; };
		13E42FB307B3F0F600E4EEF1 /* CoreData.framework */ = {isa = PBXFileReference; lastKnownFileType = wrapper.framework; name = CoreData.framework; path = /System/Library/Frameworks/CoreData.framework; sourceTree = "<absolute>"; };
		29B97316FDCFA39411CA2CEA /* main.m */ = {isa = PBXFileReference; fileEncoding = 4; lastKnownFileType = sourcecode.c.objc; path = main.m; sourceTree = "<group>"; };
		29B97324FDCFA39411CA2CEA /* AppKit.framework */ = {isa = PBXFileReference; lastKnownFileType = wrapper.framework; name = AppKit.framework; path = /System/Library/Frameworks/AppKit.framework; sourceTree = "<absolute>"; };
		29B97325FDCFA39411CA2CEA /* Foundation.framework */ = {isa = PBXFileReference; lastKnownFileType = wrapper.framework; name = Foundation.framework; path = /System/Library/Frameworks/Foundation.framework; sourceTree = "<absolute>"; };
		32CA4F630368D1EE00C91783 /* Lyricus_Prefix.pch */ = {isa = PBXFileReference; fileEncoding = 4; lastKnownFileType = sourcecode.c.h; path = Lyricus_Prefix.pch; sourceTree = "<group>"; };
		8D1107310486CEB800E47090 /* Info.plist */ = {isa = PBXFileReference; fileEncoding = 4; lastKnownFileType = text.plist.xml; path = Info.plist; sourceTree = "<group>"; };
		8D1107320486CEB800E47090 /* Lyricus.app */ = {isa = PBXFileReference; explicitFileType = wrapper.application; includeInIndex = 0; path = Lyricus.app; sourceTree = BUILT_PRODUCTS_DIR; };
/* End PBXFileReference section */

/* Begin PBXFrameworksBuildPhase section */
		8D11072E0486CEB800E47090 /* Frameworks */ = {
			isa = PBXFrameworksBuildPhase;
			buildActionMask = 2147483647;
			files = (
				107D5DD5134081AD00195ABF /* Security.framework in Frameworks */,
				107D5DD3134081A500195ABF /* IOKit.framework in Frameworks */,
				107D5DD11340819E00195ABF /* libcrypto.dylib in Frameworks */,
				10D5093413337A70006C0FC7 /* libicucore.dylib in Frameworks */,
				8D11072F0486CEB800E47090 /* Cocoa.framework in Frameworks */,
				10AEFC4B0DA008A90088ECDC /* ScriptingBridge.framework in Frameworks */,
			);
			runOnlyForDeploymentPostprocessing = 0;
		};
/* End PBXFrameworksBuildPhase section */

/* Begin PBXGroup section */
		080E96DDFE201D6D7F000001 /* Classes */ = {
			isa = PBXGroup;
			children = (
				1041B7C81333B4CA003F4429 /* LyricSearchController.h */,
				1041B7C91333B4CA003F4429 /* LyricSearchController.m */,
				1027289D0DB2A81900E644E1 /* iTunesHelper.h */,
				1027289E0DB2A81900E644E1 /* iTunesHelper.m */,
				10DB27F00DACB28500BF57D3 /* Bulk.h */,
				10DB27F10DACB28500BF57D3 /* Bulk.m */,
				10CA22371344F38000E652B6 /* WelcomeScreen.h */,
				10CA22381344F38000E652B6 /* WelcomeScreen.m */,
				10CA223A1344FC6F00E652B6 /* WelcomeScreen.xib */,
				101CEE8E1342634500C9A426 /* TrackObject.h */,
				101CEE8F1342634500C9A426 /* TrackObject.m */,
				1086B26C0DACAFBC007B2EC1 /* Categories */,
				1086B26B0DACAF9E007B2EC1 /* Sites */,
				10E207190DABE7CB00F85A9F /* LyricFetcher.h */,
				10E2071A0DABE7CB00F85A9F /* LyricFetcher.m */,
				1095320E0DA12EEB001706FF /* TBUtil.h */,
				1095320F0DA12EEB001706FF /* TBUtil.m */,
				10AEFB150D9FEDCA0088ECDC /* MainController.h */,
				10AEFB160D9FEDCA0088ECDC /* MainController.m */,
				105A37920DA6AFA0007DEFF5 /* SitePriorities.h */,
				105A37930DA6AFA0007DEFF5 /* SitePriorities.m */,
			);
			name = Classes;
			sourceTree = "<group>";
		};
		1058C7A0FEA54F0111CA2CBB /* Linked Frameworks */ = {
			isa = PBXGroup;
			children = (
				107D5DD4134081AD00195ABF /* Security.framework */,
				107D5DD2134081A500195ABF /* IOKit.framework */,
				10AEFC4A0DA008A90088ECDC /* ScriptingBridge.framework */,
				1058C7A1FEA54F0111CA2CBB /* Cocoa.framework */,
			);
			name = "Linked Frameworks";
			sourceTree = "<group>";
		};
		1058C7A2FEA54F0111CA2CBB /* Other Frameworks */ = {
			isa = PBXGroup;
			children = (
				29B97324FDCFA39411CA2CEA /* AppKit.framework */,
				13E42FB307B3F0F600E4EEF1 /* CoreData.framework */,
				29B97325FDCFA39411CA2CEA /* Foundation.framework */,
			);
			name = "Other Frameworks";
			sourceTree = "<group>";
		};
		1086B26B0DACAF9E007B2EC1 /* Sites */ = {
			isa = PBXGroup;
			children = (
				105ED1D7133E326D00A1D988 /* TBLyricSite.h */,
				105ED1D8133E326D00A1D988 /* TBLyricSite.m */,
				109B44C613360BF000CD4A43 /* TBAZLyrics.h */,
				109B44C713360BF000CD4A43 /* TBAZLyrics.m */,
				109532680DA1325E001706FF /* TBSongmeanings.h */,
				109532690DA1325E001706FF /* TBSongmeanings.m */,
				109531F80DA12D9A001706FF /* TBDarklyrics.h */,
				109531F90DA12D9A001706FF /* TBDarklyrics.m */,
			);
			name = Sites;
			sourceTree = "<group>";
		};
		1086B26C0DACAFBC007B2EC1 /* Categories */ = {
			isa = PBXGroup;
			children = (
				10F56A430DB0C27C00559654 /* NSProgressIndicator+ThreadSafeUpdating.h */,
				10F56A440DB0C27C00559654 /* NSProgressIndicator+ThreadSafeUpdating.m */,
				101A926C0DAD3CFD0073BA85 /* NSTextView+ExscapeFontFix.h */,
				101A926D0DAD3CFD0073BA85 /* NSTextView+ExscapeFontFix.m */,
				10E2076E0DABED8400F85A9F /* NSTextView+AppendString.h */,
				10E2076F0DABED8400F85A9F /* NSTextView+AppendString.m */,
				10E495A60DA545B50000E68B /* NSString+ExscapeEdits.h */,
				10E495A70DA545B50000E68B /* NSString+ExscapeEdits.m */,
			);
			name = Categories;
			sourceTree = "<group>";
		};
		19C28FACFE9D520D11CA2CBB /* Products */ = {
			isa = PBXGroup;
			children = (
				8D1107320486CEB800E47090 /* Lyricus.app */,
			);
			name = Products;
			sourceTree = "<group>";
		};
		29B97314FDCFA39411CA2CEA /* Lyricreader */ = {
			isa = PBXGroup;
			children = (
				101CEE7C1342176900C9A426 /* ImageAndTextCell.h */,
				101CEE7D1342176900C9A426 /* ImageAndTextCell.m */,
				101CEE7E1342176900C9A426 /* PlaylistObject.h */,
				101CEE7F1342176900C9A426 /* PlaylistObject.m */,
				080E96DDFE201D6D7F000001 /* Classes */,
				29B97315FDCFA39411CA2CEA /* Other Sources */,
				29B97317FDCFA39411CA2CEA /* Resources */,
				29B97323FDCFA39411CA2CEA /* Frameworks */,
				19C28FACFE9D520D11CA2CBB /* Products */,
			);
			name = Lyricreader;
			sourceTree = "<group>";
		};
		29B97315FDCFA39411CA2CEA /* Other Sources */ = {
			isa = PBXGroup;
			children = (
				101BC6E8133293A20055D720 /* RegexKitLite.h */,
				101BC6E9133293A20055D720 /* RegexKitLite.m */,
				10E205AB0DABCF1B00F85A9F /* iTunes.h */,
				32CA4F630368D1EE00C91783 /* Lyricus_Prefix.pch */,
				29B97316FDCFA39411CA2CEA /* main.m */,
			);
			name = "Other Sources";
			sourceTree = "<group>";
		};
		29B97317FDCFA39411CA2CEA /* Resources */ = {
			isa = PBXGroup;
			children = (
				102E8EF31343AFDB001EE08F /* icon_found.png */,
				102E8EF41343AFDB001EE08F /* icon_notfound.png */,
				102E8EF51343AFDB001EE08F /* icon_working.png */,
				101CEE84134222AF00C9A426 /* iTunes-library.png */,
				101CEE82134221F700C9A426 /* iTunes-DJ.png */,
				1093C0451340D4AE00F5BC98 /* iTunes-folder.png */,
				1093C0461340D4AE00F5BC98 /* iTunes-playlist.png */,
				1093C0471340D4AE00F5BC98 /* iTunes-smart.png */,
				10CB744C133F68CA00D9FB98 /* help */,
				100E13A80F5E803D001E1347 /* MainMenu.xib */,
				1041B7C61333B49F003F4429 /* LyricSearch.xib */,
				107CD7340DAE4833003E0D32 /* icon.icns */,
				10DB28190DACB3AB00BF57D3 /* Bulk.xib */,
				8D1107310486CEB800E47090 /* Info.plist */,
				107D5DCD1340812B00195ABF /* NPReceiptVerification.h */,
				107D5DCE1340812B00195ABF /* NPReceiptVerification.m */,
				089C165CFE840E0CC02AAC07 /* InfoPlist.strings */,
			);
			name = Resources;
			sourceTree = "<group>";
		};
		29B97323FDCFA39411CA2CEA /* Frameworks */ = {
			isa = PBXGroup;
			children = (
				107D5DD01340819E00195ABF /* libcrypto.dylib */,
				10D5093313337A70006C0FC7 /* libicucore.dylib */,
				1058C7A0FEA54F0111CA2CBB /* Linked Frameworks */,
				1058C7A2FEA54F0111CA2CBB /* Other Frameworks */,
			);
			name = Frameworks;
			sourceTree = "<group>";
		};
/* End PBXGroup section */

/* Begin PBXNativeTarget section */
		8D1107260486CEB800E47090 /* Lyricus */ = {
			isa = PBXNativeTarget;
			buildConfigurationList = C01FCF4A08A954540054247B /* Build configuration list for PBXNativeTarget "Lyricus" */;
			buildPhases = (
				8D1107290486CEB800E47090 /* Resources */,
				8D11072C0486CEB800E47090 /* Sources */,
				8D11072E0486CEB800E47090 /* Frameworks */,
				10E4763C0DA1757D00F41852 /* CopyFiles */,
				10E664FF0DAC0AC90059BF5F /* CopyFiles */,
			);
			buildRules = (
			);
			dependencies = (
			);
			name = Lyricus;
			productInstallPath = "$(HOME)/Applications";
			productName = Lyricreader;
			productReference = 8D1107320486CEB800E47090 /* Lyricus.app */;
			productType = "com.apple.product-type.application";
		};
/* End PBXNativeTarget section */

/* Begin PBXProject section */
		29B97313FDCFA39411CA2CEA /* Project object */ = {
			isa = PBXProject;
			buildConfigurationList = C01FCF4E08A954540054247B /* Build configuration list for PBXProject "Lyricus" */;
			compatibilityVersion = "Xcode 3.2";
			developmentRegion = English;
			hasScannedForEncodings = 1;
			knownRegions = (
				English,
				Japanese,
				French,
				German,
			);
			mainGroup = 29B97314FDCFA39411CA2CEA /* Lyricreader */;
			projectDirPath = "";
			projectRoot = "";
			targets = (
				8D1107260486CEB800E47090 /* Lyricus */,
			);
		};
/* End PBXProject section */

/* Begin PBXResourcesBuildPhase section */
		8D1107290486CEB800E47090 /* Resources */ = {
			isa = PBXResourcesBuildPhase;
			buildActionMask = 2147483647;
			files = (
				8D11072B0486CEB800E47090 /* InfoPlist.strings in Resources */,
				10DB281A0DACB3AB00BF57D3 /* Bulk.xib in Resources */,
				107CD7350DAE4833003E0D32 /* icon.icns in Resources */,
				100E13AA0F5E803D001E1347 /* MainMenu.xib in Resources */,
				1041B7C71333B49F003F4429 /* LyricSearch.xib in Resources */,
				10CB744D133F68CA00D9FB98 /* help in Resources */,
				1093C0481340D4AE00F5BC98 /* iTunes-folder.png in Resources */,
				1093C0491340D4AE00F5BC98 /* iTunes-playlist.png in Resources */,
				1093C04A1340D4AE00F5BC98 /* iTunes-smart.png in Resources */,
				101CEE83134221F700C9A426 /* iTunes-DJ.png in Resources */,
				101CEE85134222AF00C9A426 /* iTunes-library.png in Resources */,
				102E8EF61343AFDB001EE08F /* icon_found.png in Resources */,
				102E8EF71343AFDB001EE08F /* icon_notfound.png in Resources */,
				102E8EF81343AFDB001EE08F /* icon_working.png in Resources */,
				10CA223B1344FC6F00E652B6 /* WelcomeScreen.xib in Resources */,
			);
			runOnlyForDeploymentPostprocessing = 0;
		};
/* End PBXResourcesBuildPhase section */

/* Begin PBXSourcesBuildPhase section */
		8D11072C0486CEB800E47090 /* Sources */ = {
			isa = PBXSourcesBuildPhase;
			buildActionMask = 2147483647;
			files = (
				8D11072D0486CEB800E47090 /* main.m in Sources */,
				10AEFB170D9FEDCA0088ECDC /* MainController.m in Sources */,
				109531FA0DA12D9A001706FF /* TBDarklyrics.m in Sources */,
				109532100DA12EEB001706FF /* TBUtil.m in Sources */,
				1095326A0DA1325E001706FF /* TBSongmeanings.m in Sources */,
				10E495A80DA545B50000E68B /* NSString+ExscapeEdits.m in Sources */,
				105A37940DA6AFA0007DEFF5 /* SitePriorities.m in Sources */,
				10E2071B0DABE7CB00F85A9F /* LyricFetcher.m in Sources */,
				10E207700DABED8400F85A9F /* NSTextView+AppendString.m in Sources */,
				10DB27F20DACB28500BF57D3 /* Bulk.m in Sources */,
				101A926E0DAD3CFD0073BA85 /* NSTextView+ExscapeFontFix.m in Sources */,
				10F56A450DB0C27C00559654 /* NSProgressIndicator+ThreadSafeUpdating.m in Sources */,
				1027289F0DB2A81900E644E1 /* iTunesHelper.m in Sources */,
				101BC6EA133293A20055D720 /* RegexKitLite.m in Sources */,
				1041B7CA1333B4CA003F4429 /* LyricSearchController.m in Sources */,
				109B44C813360BF100CD4A43 /* TBAZLyrics.m in Sources */,
				105ED1D9133E326D00A1D988 /* TBLyricSite.m in Sources */,
				107D5DCF1340812B00195ABF /* NPReceiptVerification.m in Sources */,
				101CEE801342176900C9A426 /* ImageAndTextCell.m in Sources */,
				101CEE811342176900C9A426 /* PlaylistObject.m in Sources */,
				101CEE901342634500C9A426 /* TrackObject.m in Sources */,
				10CA22391344F38000E652B6 /* WelcomeScreen.m in Sources */,
			);
			runOnlyForDeploymentPostprocessing = 0;
		};
/* End PBXSourcesBuildPhase section */

/* Begin PBXVariantGroup section */
		089C165CFE840E0CC02AAC07 /* InfoPlist.strings */ = {
			isa = PBXVariantGroup;
			children = (
				089C165DFE840E0CC02AAC07 /* English */,
			);
			name = InfoPlist.strings;
			sourceTree = "<group>";
		};
		100E13A80F5E803D001E1347 /* MainMenu.xib */ = {
			isa = PBXVariantGroup;
			children = (
				100E13A90F5E803D001E1347 /* English */,
			);
			name = MainMenu.xib;
			sourceTree = "<group>";
		};
/* End PBXVariantGroup section */

/* Begin XCBuildConfiguration section */
		10F664C50DA7A94100D3881C /* Release */ = {
			isa = XCBuildConfiguration;
			buildSettings = {
				ARCHS = "$(ARCHS_STANDARD_32_64_BIT)";
				COPY_PHASE_STRIP = NO;
				GCC_DEBUGGING_SYMBOLS = full;
				GCC_ENABLE_OBJC_GC = required;
				GCC_GENERATE_DEBUGGING_SYMBOLS = YES;
				GCC_OPTIMIZATION_LEVEL = s;
				GCC_VERSION = com.apple.compilers.llvm.clang.1_0;
				GCC_WARN_ABOUT_RETURN_TYPE = YES;
				GCC_WARN_UNUSED_VARIABLE = YES;
				PREBINDING = NO;
				SDKROOT = macosx;
			};
			name = Release;
		};
		10F664C60DA7A94100D3881C /* Release */ = {
			isa = XCBuildConfiguration;
			buildSettings = {
				CODE_SIGN_IDENTITY = "3rd Party Mac Developer Application: Thomas Backman";
				COPY_PHASE_STRIP = NO;
				DEBUG_INFORMATION_FORMAT = "dwarf-with-dsym";
				FRAMEWORK_SEARCH_PATHS = "$(inherited)";
				GCC_DYNAMIC_NO_PIC = NO;
				GCC_ENABLE_FIX_AND_CONTINUE = YES;
				GCC_ENABLE_OBJC_GC = required;
				GCC_MODEL_TUNING = G5;
				GCC_OPTIMIZATION_LEVEL = 0;
				GCC_PRECOMPILE_PREFIX_HEADER = YES;
				GCC_PREFIX_HEADER = Lyricus_Prefix.pch;
				INFOPLIST_FILE = Info.plist;
				INSTALL_PATH = "$(HOME)/Applications";
				"OTHER_CFLAGS[arch=*]" = "-DRKL_BLOCKS=0";
				PRODUCT_NAME = Lyricus;
				RUN_CLANG_STATIC_ANALYZER = YES;
				SDKROOT = macosx;
				WRAPPER_EXTENSION = app;
				ZERO_LINK = NO;
			};
			name = Release;
		};
		C01FCF4B08A954540054247B /* Debug */ = {
			isa = XCBuildConfiguration;
			buildSettings = {
				CODE_SIGN_IDENTITY = "3rd Party Mac Developer Application: Thomas Backman";
				COPY_PHASE_STRIP = NO;
				DEBUG_INFORMATION_FORMAT = "dwarf-with-dsym";
				FRAMEWORK_SEARCH_PATHS = "$(inherited)";
				GCC_DYNAMIC_NO_PIC = NO;
				GCC_ENABLE_FIX_AND_CONTINUE = YES;
				GCC_ENABLE_OBJC_GC = required;
				GCC_MODEL_TUNING = G5;
				GCC_OPTIMIZATION_LEVEL = 0;
				GCC_PRECOMPILE_PREFIX_HEADER = YES;
				GCC_PREFIX_HEADER = Lyricus_Prefix.pch;
				INFOPLIST_FILE = Info.plist;
				INSTALL_PATH = "$(HOME)/Applications";
				"OTHER_CFLAGS[arch=*]" = "-DRKL_BLOCKS=0";
				PRODUCT_NAME = Lyricus;
				RUN_CLANG_STATIC_ANALYZER = YES;
				SDKROOT = macosx;
				WRAPPER_EXTENSION = app;
				ZERO_LINK = NO;
			};
			name = Debug;
		};
		C01FCF4F08A954540054247B /* Debug */ = {
			isa = XCBuildConfiguration;
			buildSettings = {
				ARCHS = "$(ARCHS_STANDARD_32_64_BIT)";
				COPY_PHASE_STRIP = NO;
				GCC_DEBUGGING_SYMBOLS = full;
				GCC_ENABLE_OBJC_GC = required;
				GCC_GENERATE_DEBUGGING_SYMBOLS = YES;
				GCC_OPTIMIZATION_LEVEL = s;
				GCC_VERSION = com.apple.compilers.llvm.clang.1_0;
				GCC_WARN_ABOUT_RETURN_TYPE = YES;
				GCC_WARN_UNUSED_VARIABLE = YES;
				PREBINDING = NO;
				SDKROOT = macosx;
			};
			name = Debug;
		};
/* End XCBuildConfiguration section */

/* Begin XCConfigurationList section */
		C01FCF4A08A954540054247B /* Build configuration list for PBXNativeTarget "Lyricus" */ = {
			isa = XCConfigurationList;
			buildConfigurations = (
				C01FCF4B08A954540054247B /* Debug */,
				10F664C60DA7A94100D3881C /* Release */,
			);
			defaultConfigurationIsVisible = 0;
			defaultConfigurationName = Debug;
		};
		C01FCF4E08A954540054247B /* Build configuration list for PBXProject "Lyricus" */ = {
			isa = XCConfigurationList;
			buildConfigurations = (
				C01FCF4F08A954540054247B /* Debug */,
				10F664C50DA7A94100D3881C /* Release */,
			);
			defaultConfigurationIsVisible = 0;
			defaultConfigurationName = Debug;
		};
/* End XCConfigurationList section */
	};
	rootObject = 29B97313FDCFA39411CA2CEA /* Project object */;
}
